
Microsoft Visual Studio Solution File, Format Version 12.00
# Visual Studio Version 16
VisualStudioVersion = 16.0.29709.97
MinimumVisualStudioVersion = 10.0.40219.1
Project("{FAE04EC0-301F-11D3-BF4B-00C04F79EFBC}") = "Minimum Sum", "Minimum Sum.csproj", "{26854355-0C79-479A-813A-D44A3AD48735}"
EndProject
Global
	GlobalSection(SolutionConfigurationPlatforms) = preSolution
		Debug|Any CPU = Debug|Any CPU
		Release|Any CPU = Release|Any CPU
	EndGlobalSection
	GlobalSection(ProjectConfigurationPlatforms) = postSolution
		{26854355-0C79-479A-813A-D44A3AD48735}.Debug|Any CPU.ActiveCfg = Debug|Any CPU
		{26854355-0C79-479A-813A-D44A3AD48735}.Debug|Any CPU.Build.0 = Debug|Any CPU
		{26854355-0C79-479A-813A-D44A3AD48735}.Release|Any CPU.ActiveCfg = Release|Any CPU
		{26854355-0C79-479A-813A-D44A3AD48735}.Release|Any CPU.Build.0 = Release|Any CPU
	EndGlobalSection
	GlobalSection(SolutionProperties) = preSolution
		HideSolutionNode = FALSE
	EndGlobalSection
	GlobalSection(ExtensibilityGlobals) = postSolution
		SolutionGuid = {B77A2E4F-DE0A-4A3C-9ED9-E0F950BD07A6}
	EndGlobalSection
EndGlobal
